
Microsoft Visual Studio Solution File, Format Version 12.00
# Visual Studio Version 17
VisualStudioVersion = 17.8.34322.80
MinimumVisualStudioVersion = 10.0.40219.1
Project("{9A19103F-16F7-4668-BE54-9A1E7A4F7556}") = "ConnectFour", "ConnectFour.csproj", "{2B705296-45E2-4660-8982-432A9486A5F3}"
EndProject
Project("{FAE04EC0-301F-11D3-BF4B-00C04F79EFBC}") = "XUnitConnectFourTest", "..\XUnitConnectFourTest\XUnitConnectFourTest.csproj", "{2C53342A-C121-4FD3-A79B-74112778204F}"
EndProject
Global
	GlobalSection(SolutionConfigurationPlatforms) = preSolution
		Debug|Any CPU = Debug|Any CPU
		Release|Any CPU = Release|Any CPU
	EndGlobalSection
	GlobalSection(ProjectConfigurationPlatforms) = postSolution
		{2B705296-45E2-4660-8982-432A9486A5F3}.Debug|Any CPU.ActiveCfg = Debug|Any CPU
		{2B705296-45E2-4660-8982-432A9486A5F3}.Debug|Any CPU.Build.0 = Debug|Any CPU
		{2B705296-45E2-4660-8982-432A9486A5F3}.Release|Any CPU.ActiveCfg = Release|Any CPU
		{2B705296-45E2-4660-8982-432A9486A5F3}.Release|Any CPU.Build.0 = Release|Any CPU
		{2C53342A-C121-4FD3-A79B-74112778204F}.Debug|Any CPU.ActiveCfg = Debug|Any CPU
		{2C53342A-C121-4FD3-A79B-74112778204F}.Debug|Any CPU.Build.0 = Debug|Any CPU
		{2C53342A-C121-4FD3-A79B-74112778204F}.Release|Any CPU.ActiveCfg = Release|Any CPU
		{2C53342A-C121-4FD3-A79B-74112778204F}.Release|Any CPU.Build.0 = Release|Any CPU
	EndGlobalSection
	GlobalSection(SolutionProperties) = preSolution
		HideSolutionNode = FALSE
	EndGlobalSection
	GlobalSection(ExtensibilityGlobals) = postSolution
		SolutionGuid = {B043E3FA-E188-48AE-859F-4DF81A80A555}
	EndGlobalSection
EndGlobal
